// !$*UTF8*$!
{
	archiveVersion = 1;
	classes = {
	};
	objectVersion = 55;
	objects = {

/* Begin PBXBuildFile section */
		5728F12728A3FDD7002E0D73 /* AppDelegate.swift in Sources */ = {isa = PBXBuildFile; fileRef = 5728F12628A3FDD7002E0D73 /* AppDelegate.swift */; };
		5728F12928A3FDD7002E0D73 /* SceneDelegate.swift in Sources */ = {isa = PBXBuildFile; fileRef = 5728F12828A3FDD7002E0D73 /* SceneDelegate.swift */; };
		5728F12B28A3FDD7002E0D73 /* ViewController.swift in Sources */ = {isa = PBXBuildFile; fileRef = 5728F12A28A3FDD7002E0D73 /* ViewController.swift */; };
		5728F12E28A3FDD7002E0D73 /* Main.storyboard in Resources */ = {isa = PBXBuildFile; fileRef = 5728F12C28A3FDD7002E0D73 /* Main.storyboard */; };
		5728F13028A3FDD8002E0D73 /* Assets.xcassets in Resources */ = {isa = PBXBuildFile; fileRef = 5728F12F28A3FDD8002E0D73 /* Assets.xcassets */; };
		5728F13328A3FDD8002E0D73 /* LaunchScreen.storyboard in Resources */ = {isa = PBXBuildFile; fileRef = 5728F13128A3FDD8002E0D73 /* LaunchScreen.storyboard */; };
		57D02DD928A43FC600B286F5 /* ColourVC.swift in Sources */ = {isa = PBXBuildFile; fileRef = 57D02DD828A43FC600B286F5 /* ColourVC.swift */; };
		57D02DDB28A5022B00B286F5 /* FirstVC.swift in Sources */ = {isa = PBXBuildFile; fileRef = 57D02DDA28A5022B00B286F5 /* FirstVC.swift */; };
/* End PBXBuildFile section */

/* Begin PBXFileReference section */
		5728F12328A3FDD7002E0D73 /* colour.app */ = {isa = PBXFileReference; explicitFileType = wrapper.application; includeInIndex = 0; path = colour.app; sourceTree = BUILT_PRODUCTS_DIR; };
		5728F12628A3FDD7002E0D73 /* AppDelegate.swift */ = {isa = PBXFileReference; lastKnownFileType = sourcecode.swift; path = AppDelegate.swift; sourceTree = "<group>"; };
		5728F12828A3FDD7002E0D73 /* SceneDelegate.swift */ = {isa = PBXFileReference; lastKnownFileType = sourcecode.swift; path = SceneDelegate.swift; sourceTree = "<group>"; };
		5728F12A28A3FDD7002E0D73 /* ViewController.swift */ = {isa = PBXFileReference; lastKnownFileType = sourcecode.swift; path = ViewController.swift; sourceTree = "<group>"; };
		5728F12D28A3FDD7002E0D73 /* Base */ = {isa = PBXFileReference; lastKnownFileType = file.storyboard; name = Base; path = Base.lproj/Main.storyboard; sourceTree = "<group>"; };
		5728F12F28A3FDD8002E0D73 /* Assets.xcassets */ = {isa = PBXFileReference; lastKnownFileType = folder.assetcatalog; path = Assets.xcassets; sourceTree = "<group>"; };
		5728F13228A3FDD8002E0D73 /* Base */ = {isa = PBXFileReference; lastKnownFileType = file.storyboard; name = Base; path = Base.lproj/LaunchScreen.storyboard; sourceTree = "<group>"; };
		5728F13428A3FDD8002E0D73 /* Info.plist */ = {isa = PBXFileReference; lastKnownFileType = text.plist.xml; path = Info.plist; sourceTree = "<group>"; };
		57D02DD828A43FC600B286F5 /* ColourVC.swift */ = {isa = PBXFileReference; lastKnownFileType = sourcecode.swift; path = ColourVC.swift; sourceTree = "<group>"; };
		57D02DDA28A5022B00B286F5 /* FirstVC.swift */ = {isa = PBXFileReference; lastKnownFileType = sourcecode.swift; path = FirstVC.swift; sourceTree = "<group>"; };
/* End PBXFileReference section */

/* Begin PBXFrameworksBuildPhase section */
		5728F12028A3FDD7002E0D73 /* Frameworks */ = {
			isa = PBXFrameworksBuildPhase;
			buildActionMask = 2147483647;
			files = (
			);
			runOnlyForDeploymentPostprocessing = 0;
		};
/* End PBXFrameworksBuildPhase section */

/* Begin PBXGroup section */
		5728F11A28A3FDD7002E0D73 = {
			isa = PBXGroup;
			children = (
				5728F12528A3FDD7002E0D73 /* colour */,
				5728F12428A3FDD7002E0D73 /* Products */,
			);
			sourceTree = "<group>";
		};
		5728F12428A3FDD7002E0D73 /* Products */ = {
			isa = PBXGroup;
			children = (
				5728F12328A3FDD7002E0D73 /* colour.app */,
			);
			name = Products;
			sourceTree = "<group>";
		};
		5728F12528A3FDD7002E0D73 /* colour */ = {
			isa = PBXGroup;
			children = (
				5728F12628A3FDD7002E0D73 /* AppDelegate.swift */,
				5728F12828A3FDD7002E0D73 /* SceneDelegate.swift */,
				5728F12A28A3FDD7002E0D73 /* ViewController.swift */,
				57D02DD828A43FC600B286F5 /* ColourVC.swift */,
				57D02DDA28A5022B00B286F5 /* FirstVC.swift */,
				5728F12C28A3FDD7002E0D73 /* Main.storyboard */,
				5728F12F28A3FDD8002E0D73 /* Assets.xcassets */,
				5728F13128A3FDD8002E0D73 /* LaunchScreen.storyboard */,
				5728F13428A3FDD8002E0D73 /* Info.plist */,
			);
			path = colour;
			sourceTree = "<group>";
		};
/* End PBXGroup section */

/* Begin PBXNativeTarget section */
		5728F12228A3FDD7002E0D73 /* colour */ = {
			isa = PBXNativeTarget;
			buildConfigurationList = 5728F13728A3FDD8002E0D73 /* Build configuration list for PBXNativeTarget "colour" */;
			buildPhases = (
				5728F11F28A3FDD7002E0D73 /* Sources */,
				5728F12028A3FDD7002E0D73 /* Frameworks */,
				5728F12128A3FDD7002E0D73 /* Resources */,
			);
			buildRules = (
			);
			dependencies = (
			);
			name = colour;
			productName = colour;
			productReference = 5728F12328A3FDD7002E0D73 /* colour.app */;
			productType = "com.apple.product-type.application";
		};
/* End PBXNativeTarget section */

/* Begin PBXProject section */
		5728F11B28A3FDD7002E0D73 /* Project object */ = {
			isa = PBXProject;
			attributes = {
				BuildIndependentTargetsInParallel = 1;
				LastSwiftUpdateCheck = 1340;
				LastUpgradeCheck = 1340;
				TargetAttributes = {
					5728F12228A3FDD7002E0D73 = {
						CreatedOnToolsVersion = 13.4.1;
					};
				};
			};
			buildConfigurationList = 5728F11E28A3FDD7002E0D73 /* Build configuration list for PBXProject "colour" */;
			compatibilityVersion = "Xcode 13.0";
			developmentRegion = en;
			hasScannedForEncodings = 0;
			knownRegions = (
				en,
				Base,
			);
			mainGroup = 5728F11A28A3FDD7002E0D73;
			productRefGroup = 5728F12428A3FDD7002E0D73 /* Products */;
			projectDirPath = "";
			projectRoot = "";
			targets = (
				5728F12228A3FDD7002E0D73 /* colour */,
			);
		};
/* End PBXProject section */

/* Begin PBXResourcesBuildPhase section */
		5728F12128A3FDD7002E0D73 /* Resources */ = {
			isa = PBXResourcesBuildPhase;
			buildActionMask = 2147483647;
			files = (
				5728F13328A3FDD8002E0D73 /* LaunchScreen.storyboard in Resources */,
				5728F13028A3FDD8002E0D73 /* Assets.xcassets in Resources */,
				5728F12E28A3FDD7002E0D73 /* Main.storyboard in Resources */,
			);
			runOnlyForDeploymentPostprocessing = 0;
		};
/* End PBXResourcesBuildPhase section */

/* Begin PBXSourcesBuildPhase section */
		5728F11F28A3FDD7002E0D73 /* Sources */ = {
			isa = PBXSourcesBuildPhase;
			buildActionMask = 2147483647;
			files = (
				5728F12B28A3FDD7002E0D73 /* ViewController.swift in Sources */,
				57D02DD928A43FC600B286F5 /* ColourVC.swift in Sources */,
				5728F12728A3FDD7002E0D73 /* AppDelegate.swift in Sources */,
				57D02DDB28A5022B00B286F5 /* FirstVC.swift in Sources */,
				5728F12928A3FDD7002E0D73 /* SceneDelegate.swift in Sources */,
			);
			runOnlyForDeploymentPostprocessing = 0;
		};
/* End PBXSourcesBuildPhase section */

/* Begin PBXVariantGroup section */
		5728F12C28A3FDD7002E0D73 /* Main.storyboard */ = {
			isa = PBXVariantGroup;
			children = (
				5728F12D28A3FDD7002E0D73 /* Base */,
			);
			name = Main.storyboard;
			sourceTree = "<group>";
		};
		5728F13128A3FDD8002E0D73 /* LaunchScreen.storyboard */ = {
			isa = PBXVariantGroup;
			children = (
				5728F13228A3FDD8002E0D73 /* Base */,
			);
			name = LaunchScreen.storyboard;
			sourceTree = "<group>";
		};
/* End PBXVariantGroup section */

/* Begin XCBuildConfiguration section */
		5728F13528A3FDD8002E0D73 /* Debug */ = {
			isa = XCBuildConfiguration;
			buildSettings = {
				ALWAYS_SEARCH_USER_PATHS = NO;
				CLANG_ANALYZER_NONNULL = YES;
				CLANG_ANALYZER_NUMBER_OBJECT_CONVERSION = YES_AGGRESSIVE;
				CLANG_CXX_LANGUAGE_STANDARD = "gnu++17";
				CLANG_ENABLE_MODULES = YES;
				CLANG_ENABLE_OBJC_ARC = YES;
				CLANG_ENABLE_OBJC_WEAK = YES;
				CLANG_WARN_BLOCK_CAPTURE_AUTORELEASING = YES;
				CLANG_WARN_BOOL_CONVERSION = YES;
				CLANG_WARN_COMMA = YES;
				CLANG_WARN_CONSTANT_CONVERSION = YES;
				CLANG_WARN_DEPRECATED_OBJC_IMPLEMENTATIONS = YES;
				CLANG_WARN_DIRECT_OBJC_ISA_USAGE = YES_ERROR;
				CLANG_WARN_DOCUMENTATION_COMMENTS = YES;
				CLANG_WARN_EMPTY_BODY = YES;
				CLANG_WARN_ENUM_CONVERSION = YES;
				CLANG_WARN_INFINITE_RECURSION = YES;
				CLANG_WARN_INT_CONVERSION = YES;
				CLANG_WARN_NON_LITERAL_NULL_CONVERSION = YES;
				CLANG_WARN_OBJC_IMPLICIT_RETAIN_SELF = YES;
				CLANG_WARN_OBJC_LITERAL_CONVERSION = YES;
				CLANG_WARN_OBJC_ROOT_CLASS = YES_ERROR;
				CLANG_WARN_QUOTED_INCLUDE_IN_FRAMEWORK_HEADER = YES;
				CLANG_WARN_RANGE_LOOP_ANALYSIS = YES;
				CLANG_WARN_STRICT_PROTOTYPES = YES;
				CLANG_WARN_SUSPICIOUS_MOVE = YES;
				CLANG_WARN_UNGUARDED_AVAILABILITY = YES_AGGRESSIVE;
				CLANG_WARN_UNREACHABLE_CODE = YES;
				CLANG_WARN__DUPLICATE_METHOD_MATCH = YES;
				COPY_PHASE_STRIP = NO;
				DEBUG_INFORMATION_FORMAT = dwarf;
				ENABLE_STRICT_OBJC_MSGSEND = YES;
				ENABLE_TESTABILITY = YES;
				GCC_C_LANGUAGE_STANDARD = gnu11;
				GCC_DYNAMIC_NO_PIC = NO;
				GCC_NO_COMMON_BLOCKS = YES;
				GCC_OPTIMIZATION_LEVEL = 0;
				GCC_PREPROCESSOR_DEFINITIONS = (
					"DEBUG=1",
					"$(inherited)",
				);
				GCC_WARN_64_TO_32_BIT_CONVERSION = YES;
				GCC_WARN_ABOUT_RETURN_TYPE = YES_ERROR;
				GCC_WARN_UNDECLARED_SELECTOR = YES;
				GCC_WARN_UNINITIALIZED_AUTOS = YES_AGGRESSIVE;
				GCC_WARN_UNUSED_FUNCTION = YES;
				GCC_WARN_UNUSED_VARIABLE = YES;
				IPHONEOS_DEPLOYMENT_TARGET = 15.5;
				MTL_ENABLE_DEBUG_INFO = INCLUDE_SOURCE;
				MTL_FAST_MATH = YES;
				ONLY_ACTIVE_ARCH = YES;
				SDKROOT = iphoneos;
				SWIFT_ACTIVE_COMPILATION_CONDITIONS = DEBUG;
				SWIFT_OPTIMIZATION_LEVEL = "-Onone";
			};
			name = Debug;
		};
		5728F13628A3FDD8002E0D73 /* Release */ = {
			isa = XCBuildConfiguration;
			buildSettings = {
				ALWAYS_SEARCH_USER_PATHS = NO;
				CLANG_ANALYZER_NONNULL = YES;
				CLANG_ANALYZER_NUMBER_OBJECT_CONVERSION = YES_AGGRESSIVE;
				CLANG_CXX_LANGUAGE_STANDARD = "gnu++17";
				CLANG_ENABLE_MODULES = YES;
				CLANG_ENABLE_OBJC_ARC = YES;
				CLANG_ENABLE_OBJC_WEAK = YES;
				CLANG_WARN_BLOCK_CAPTURE_AUTORELEASING = YES;
				CLANG_WARN_BOOL_CONVERSION = YES;
				CLANG_WARN_COMMA = YES;
				CLANG_WARN_CONSTANT_CONVERSION = YES;
				CLANG_WARN_DEPRECATED_OBJC_IMPLEMENTATIONS = YES;
				CLANG_WARN_DIRECT_OBJC_ISA_USAGE = YES_ERROR;
				CLANG_WARN_DOCUMENTATION_COMMENTS = YES;
				CLANG_WARN_EMPTY_BODY = YES;
				CLANG_WARN_ENUM_CONVERSION = YES;
				CLANG_WARN_INFINITE_RECURSION = YES;
				CLANG_WARN_INT_CONVERSION = YES;
				CLANG_WARN_NON_LITERAL_NULL_CONVERSION = YES;
				CLANG_WARN_OBJC_IMPLICIT_RETAIN_SELF = YES;
				CLANG_WARN_OBJC_LITERAL_CONVERSION = YES;
				CLANG_WARN_OBJC_ROOT_CLASS = YES_ERROR;
				CLANG_WARN_QUOTED_INCLUDE_IN_FRAMEWORK_HEADER = YES;
				CLANG_WARN_RANGE_LOOP_ANALYSIS = YES;
				CLANG_WARN_STRICT_PROTOTYPES = YES;
				CLANG_WARN_SUSPICIOUS_MOVE = YES;
				CLANG_WARN_UNGUARDED_AVAILABILITY = YES_AGGRESSIVE;
				CLANG_WARN_UNREACHABLE_CODE = YES;
				CLANG_WARN__DUPLICATE_METHOD_MATCH = YES;
				COPY_PHASE_STRIP = NO;
				DEBUG_INFORMATION_FORMAT = "dwarf-with-dsym";
				ENABLE_NS_ASSERTIONS = NO;
				ENABLE_STRICT_OBJC_MSGSEND = YES;
				GCC_C_LANGUAGE_STANDARD = gnu11;
				GCC_NO_COMMON_BLOCKS = YES;
				GCC_WARN_64_TO_32_BIT_CONVERSION = YES;
				GCC_WARN_ABOUT_RETURN_TYPE = YES_ERROR;
				GCC_WARN_UNDECLARED_SELECTOR = YES;
				GCC_WARN_UNINITIALIZED_AUTOS = YES_AGGRESSIVE;
				GCC_WARN_UNUSED_FUNCTION = YES;
				GCC_WARN_UNUSED_VARIABLE = YES;
				IPHONEOS_DEPLOYMENT_TARGET = 15.5;
				MTL_ENABLE_DEBUG_INFO = NO;
				MTL_FAST_MATH = YES;
				SDKROOT = iphoneos;
				SWIFT_COMPILATION_MODE = wholemodule;
				SWIFT_OPTIMIZATION_LEVEL = "-O";
				VALIDATE_PRODUCT = YES;
			};
			name = Release;
		};
		5728F13828A3FDD8002E0D73 /* Debug */ = {
			isa = XCBuildConfiguration;
			buildSettings = {
				ASSETCATALOG_COMPILER_APPICON_NAME = AppIcon;
				ASSETCATALOG_COMPILER_GLOBAL_ACCENT_COLOR_NAME = AccentColor;
				CODE_SIGN_STYLE = Automatic;
				CURRENT_PROJECT_VERSION = 1;
				DEVELOPMENT_TEAM = C5CQ94WWT6;
				GENERATE_INFOPLIST_FILE = YES;
				INFOPLIST_FILE = colour/Info.plist;
				INFOPLIST_KEY_UIApplicationSupportsIndirectInputEvents = YES;
				INFOPLIST_KEY_UILaunchStoryboardName = LaunchScreen;
				INFOPLIST_KEY_UIMainStoryboardFile = Main;
				INFOPLIST_KEY_UISupportedInterfaceOrientations_iPad = "UIInterfaceOrientationPortrait UIInterfaceOrientationPortraitUpsideDown UIInterfaceOrientationLandscapeLeft UIInterfaceOrientationLandscapeRight";
				INFOPLIST_KEY_UISupportedInterfaceOrientations_iPhone = "UIInterfaceOrientationPortrait UIInterfaceOrientationLandscapeLeft UIInterfaceOrientationLandscapeRight";
				LD_RUNPATH_SEARCH_PATHS = (
					"$(inherited)",
					"@executable_path/Frameworks",
				);
				MARKETING_VERSION = 1.0;
				PRODUCT_BUNDLE_IDENTIFIER = test.colour;
				PRODUCT_NAME = "$(TARGET_NAME)";
				SWIFT_EMIT_LOC_STRINGS = YES;
				SWIFT_VERSION = 5.0;
				TARGETED_DEVICE_FAMILY = "1,2";
			};
			name = Debug;
		};
		5728F13928A3FDD8002E0D73 /* Release */ = {
			isa = XCBuildConfiguration;
			buildSettings = {
				ASSETCATALOG_COMPILER_APPICON_NAME = AppIcon;
				ASSETCATALOG_COMPILER_GLOBAL_ACCENT_COLOR_NAME = AccentColor;
				CODE_SIGN_STYLE = Automatic;
				CURRENT_PROJECT_VERSION = 1;
				DEVELOPMENT_TEAM = C5CQ94WWT6;
				GENERATE_INFOPLIST_FILE = YES;
				INFOPLIST_FILE = colour/Info.plist;
				INFOPLIST_KEY_UIApplicationSupportsIndirectInputEvents = YES;
				INFOPLIST_KEY_UILaunchStoryboardName = LaunchScreen;
				INFOPLIST_KEY_UIMainStoryboardFile = Main;
				INFOPLIST_KEY_UISupportedInterfaceOrientations_iPad = "UIInterfaceOrientationPortrait UIInterfaceOrientationPortraitUpsideDown UIInterfaceOrientationLandscapeLeft UIInterfaceOrientationLandscapeRight";
				INFOPLIST_KEY_UISupportedInterfaceOrientations_iPhone = "UIInterfaceOrientationPortrait UIInterfaceOrientationLandscapeLeft UIInterfaceOrientationLandscapeRight";
				LD_RUNPATH_SEARCH_PATHS = (
					"$(inherited)",
					"@executable_path/Frameworks",
				);
				MARKETING_VERSION = 1.0;
				PRODUCT_BUNDLE_IDENTIFIER = test.colour;
				PRODUCT_NAME = "$(TARGET_NAME)";
				SWIFT_EMIT_LOC_STRINGS = YES;
				SWIFT_VERSION = 5.0;
				TARGETED_DEVICE_FAMILY = "1,2";
			};
			name = Release;
		};
/* End XCBuildConfiguration section */

/* Begin XCConfigurationList section */
		5728F11E28A3FDD7002E0D73 /* Build configuration list for PBXProject "colour" */ = {
			isa = XCConfigurationList;
			buildConfigurations = (
				5728F13528A3FDD8002E0D73 /* Debug */,
				5728F13628A3FDD8002E0D73 /* Release */,
			);
			defaultConfigurationIsVisible = 0;
			defaultConfigurationName = Release;
		};
		5728F13728A3FDD8002E0D73 /* Build configuration list for PBXNativeTarget "colour" */ = {
			isa = XCConfigurationList;
			buildConfigurations = (
				5728F13828A3FDD8002E0D73 /* Debug */,
				5728F13928A3FDD8002E0D73 /* Release */,
			);
			defaultConfigurationIsVisible = 0;
			defaultConfigurationName = Release;
		};
/* End XCConfigurationList section */
	};
	rootObject = 5728F11B28A3FDD7002E0D73 /* Project object */;
}
